
Microsoft Visual Studio Solution File, Format Version 12.00
# Visual Studio Version 17
VisualStudioVersion = 17.7.34024.191
MinimumVisualStudioVersion = 10.0.40219.1
Project("{FAE04EC0-301F-11D3-BF4B-00C04F79EFBC}") = "Robotterne kommer", "Robotterne kommer.csproj", "{05BDE3D9-2270-4986-B249-16C3F477581A}"
EndProject
Global
	GlobalSection(SolutionConfigurationPlatforms) = preSolution
		Debug|Any CPU = Debug|Any CPU
		Release|Any CPU = Release|Any CPU
	EndGlobalSection
	GlobalSection(ProjectConfigurationPlatforms) = postSolution
		{05BDE3D9-2270-4986-B249-16C3F477581A}.Debug|Any CPU.ActiveCfg = Debug|Any CPU
		{05BDE3D9-2270-4986-B249-16C3F477581A}.Debug|Any CPU.Build.0 = Debug|Any CPU
		{05BDE3D9-2270-4986-B249-16C3F477581A}.Release|Any CPU.ActiveCfg = Release|Any CPU
		{05BDE3D9-2270-4986-B249-16C3F477581A}.Release|Any CPU.Build.0 = Release|Any CPU
	EndGlobalSection
	GlobalSection(SolutionProperties) = preSolution
		HideSolutionNode = FALSE
	EndGlobalSection
	GlobalSection(ExtensibilityGlobals) = postSolution
		SolutionGuid = {7DFD05D3-5615-49F1-BEC8-9A40F00EBC49}
	EndGlobalSection
EndGlobal
